
Microsoft Visual Studio Solution File, Format Version 12.00
# Visual Studio Version 17
VisualStudioVersion = 17.12.35527.113
MinimumVisualStudioVersion = 10.0.40219.1
Project("{FAE04EC0-301F-11D3-BF4B-00C04F79EFBC}") = "01Exercicio", "01Exercicio\01Exercicio.csproj", "{90A02C62-C2B1-4C3A-BCDB-9AE64791111A}"
EndProject
Global
	GlobalSection(SolutionConfigurationPlatforms) = preSolution
		Debug|Any CPU = Debug|Any CPU
		Release|Any CPU = Release|Any CPU
	EndGlobalSection
	GlobalSection(ProjectConfigurationPlatforms) = postSolution
		{90A02C62-C2B1-4C3A-BCDB-9AE64791111A}.Debug|Any CPU.ActiveCfg = Debug|Any CPU
		{90A02C62-C2B1-4C3A-BCDB-9AE64791111A}.Debug|Any CPU.Build.0 = Debug|Any CPU
		{90A02C62-C2B1-4C3A-BCDB-9AE64791111A}.Release|Any CPU.ActiveCfg = Release|Any CPU
		{90A02C62-C2B1-4C3A-BCDB-9AE64791111A}.Release|Any CPU.Build.0 = Release|Any CPU
	EndGlobalSection
	GlobalSection(SolutionProperties) = preSolution
		HideSolutionNode = FALSE
	EndGlobalSection
EndGlobal
